// !$*UTF8*$!
{
	archiveVersion = 1;
	classes = {
	};
	objectVersion = 48;
	objects = {

/* Begin PBXBuildFile section */
		79FA5EBD1F7A156500DB3038 /* AppDelegate.swift in Sources */ = {isa = PBXBuildFile; fileRef = 79FA5EBC1F7A156500DB3038 /* AppDelegate.swift */; };
		79FA5EBF1F7A156500DB3038 /* ViewController.swift in Sources */ = {isa = PBXBuildFile; fileRef = 79FA5EBE1F7A156500DB3038 /* ViewController.swift */; };
		79FA5EC21F7A156500DB3038 /* Main.storyboard in Resources */ = {isa = PBXBuildFile; fileRef = 79FA5EC01F7A156500DB3038 /* Main.storyboard */; };
		79FA5EC51F7A156500DB3038 /* aniList.xcdatamodeld in Sources */ = {isa = PBXBuildFile; fileRef = 79FA5EC31F7A156500DB3038 /* aniList.xcdatamodeld */; };
		79FA5EC71F7A156500DB3038 /* Assets.xcassets in Resources */ = {isa = PBXBuildFile; fileRef = 79FA5EC61F7A156500DB3038 /* Assets.xcassets */; };
		79FA5ECA1F7A156500DB3038 /* LaunchScreen.storyboard in Resources */ = {isa = PBXBuildFile; fileRef = 79FA5EC81F7A156500DB3038 /* LaunchScreen.storyboard */; };
		79FA5ED51F7A156500DB3038 /* aniListTests.swift in Sources */ = {isa = PBXBuildFile; fileRef = 79FA5ED41F7A156500DB3038 /* aniListTests.swift */; };
		79FA5EE01F7A156500DB3038 /* aniListUITests.swift in Sources */ = {isa = PBXBuildFile; fileRef = 79FA5EDF1F7A156500DB3038 /* aniListUITests.swift */; };
/* End PBXBuildFile section */

/* Begin PBXContainerItemProxy section */
		79FA5ED11F7A156500DB3038 /* PBXContainerItemProxy */ = {
			isa = PBXContainerItemProxy;
			containerPortal = 79FA5EB11F7A156500DB3038 /* Project object */;
			proxyType = 1;
			remoteGlobalIDString = 79FA5EB81F7A156500DB3038;
			remoteInfo = aniList;
		};
		79FA5EDC1F7A156500DB3038 /* PBXContainerItemProxy */ = {
			isa = PBXContainerItemProxy;
			containerPortal = 79FA5EB11F7A156500DB3038 /* Project object */;
			proxyType = 1;
			remoteGlobalIDString = 79FA5EB81F7A156500DB3038;
			remoteInfo = aniList;
		};
/* End PBXContainerItemProxy section */

/* Begin PBXFileReference section */
		79FA5EB91F7A156500DB3038 /* aniList.app */ = {isa = PBXFileReference; explicitFileType = wrapper.application; includeInIndex = 0; path = aniList.app; sourceTree = BUILT_PRODUCTS_DIR; };
		79FA5EBC1F7A156500DB3038 /* AppDelegate.swift */ = {isa = PBXFileReference; lastKnownFileType = sourcecode.swift; path = AppDelegate.swift; sourceTree = "<group>"; };
		79FA5EBE1F7A156500DB3038 /* ViewController.swift */ = {isa = PBXFileReference; lastKnownFileType = sourcecode.swift; path = ViewController.swift; sourceTree = "<group>"; };
		79FA5EC11F7A156500DB3038 /* Base */ = {isa = PBXFileReference; lastKnownFileType = file.storyboard; name = Base; path = Base.lproj/Main.storyboard; sourceTree = "<group>"; };
		79FA5EC41F7A156500DB3038 /* aniList.xcdatamodel */ = {isa = PBXFileReference; lastKnownFileType = wrapper.xcdatamodel; path = aniList.xcdatamodel; sourceTree = "<group>"; };
		79FA5EC61F7A156500DB3038 /* Assets.xcassets */ = {isa = PBXFileReference; lastKnownFileType = folder.assetcatalog; path = Assets.xcassets; sourceTree = "<group>"; };
		79FA5EC91F7A156500DB3038 /* Base */ = {isa = PBXFileReference; lastKnownFileType = file.storyboard; name = Base; path = Base.lproj/LaunchScreen.storyboard; sourceTree = "<group>"; };
		79FA5ECB1F7A156500DB3038 /* Info.plist */ = {isa = PBXFileReference; lastKnownFileType = text.plist.xml; path = Info.plist; sourceTree = "<group>"; };
		79FA5ED01F7A156500DB3038 /* aniListTests.xctest */ = {isa = PBXFileReference; explicitFileType = wrapper.cfbundle; includeInIndex = 0; path = aniListTests.xctest; sourceTree = BUILT_PRODUCTS_DIR; };
		79FA5ED41F7A156500DB3038 /* aniListTests.swift */ = {isa = PBXFileReference; lastKnownFileType = sourcecode.swift; path = aniListTests.swift; sourceTree = "<group>"; };
		79FA5ED61F7A156500DB3038 /* Info.plist */ = {isa = PBXFileReference; lastKnownFileType = text.plist.xml; path = Info.plist; sourceTree = "<group>"; };
		79FA5EDB1F7A156500DB3038 /* aniListUITests.xctest */ = {isa = PBXFileReference; explicitFileType = wrapper.cfbundle; includeInIndex = 0; path = aniListUITests.xctest; sourceTree = BUILT_PRODUCTS_DIR; };
		79FA5EDF1F7A156500DB3038 /* aniListUITests.swift */ = {isa = PBXFileReference; lastKnownFileType = sourcecode.swift; path = aniListUITests.swift; sourceTree = "<group>"; };
		79FA5EE11F7A156500DB3038 /* Info.plist */ = {isa = PBXFileReference; lastKnownFileType = text.plist.xml; path = Info.plist; sourceTree = "<group>"; };
/* End PBXFileReference section */

/* Begin PBXFrameworksBuildPhase section */
		79FA5EB61F7A156500DB3038 /* Frameworks */ = {
			isa = PBXFrameworksBuildPhase;
			buildActionMask = 2147483647;
			files = (
			);
			runOnlyForDeploymentPostprocessing = 0;
		};
		79FA5ECD1F7A156500DB3038 /* Frameworks */ = {
			isa = PBXFrameworksBuildPhase;
			buildActionMask = 2147483647;
			files = (
			);
			runOnlyForDeploymentPostprocessing = 0;
		};
		79FA5ED81F7A156500DB3038 /* Frameworks */ = {
			isa = PBXFrameworksBuildPhase;
			buildActionMask = 2147483647;
			files = (
			);
			runOnlyForDeploymentPostprocessing = 0;
		};
/* End PBXFrameworksBuildPhase section */

/* Begin PBXGroup section */
		79FA5EB01F7A156500DB3038 = {
			isa = PBXGroup;
			children = (
				79FA5EBB1F7A156500DB3038 /* aniList */,
				79FA5ED31F7A156500DB3038 /* aniListTests */,
				79FA5EDE1F7A156500DB3038 /* aniListUITests */,
				79FA5EBA1F7A156500DB3038 /* Products */,
			);
			sourceTree = "<group>";
		};
		79FA5EBA1F7A156500DB3038 /* Products */ = {
			isa = PBXGroup;
			children = (
				79FA5EB91F7A156500DB3038 /* aniList.app */,
				79FA5ED01F7A156500DB3038 /* aniListTests.xctest */,
				79FA5EDB1F7A156500DB3038 /* aniListUITests.xctest */,
			);
			name = Products;
			sourceTree = "<group>";
		};
		79FA5EBB1F7A156500DB3038 /* aniList */ = {
			isa = PBXGroup;
			children = (
				79FA5EBC1F7A156500DB3038 /* AppDelegate.swift */,
				79FA5EBE1F7A156500DB3038 /* ViewController.swift */,
				79FA5EC01F7A156500DB3038 /* Main.storyboard */,
				79FA5EC61F7A156500DB3038 /* Assets.xcassets */,
				79FA5EC81F7A156500DB3038 /* LaunchScreen.storyboard */,
				79FA5ECB1F7A156500DB3038 /* Info.plist */,
				79FA5EC31F7A156500DB3038 /* aniList.xcdatamodeld */,
			);
			path = aniList;
			sourceTree = "<group>";
		};
		79FA5ED31F7A156500DB3038 /* aniListTests */ = {
			isa = PBXGroup;
			children = (
				79FA5ED41F7A156500DB3038 /* aniListTests.swift */,
				79FA5ED61F7A156500DB3038 /* Info.plist */,
			);
			path = aniListTests;
			sourceTree = "<group>";
		};
		79FA5EDE1F7A156500DB3038 /* aniListUITests */ = {
			isa = PBXGroup;
			children = (
				79FA5EDF1F7A156500DB3038 /* aniListUITests.swift */,
				79FA5EE11F7A156500DB3038 /* Info.plist */,
			);
			path = aniListUITests;
			sourceTree = "<group>";
		};
/* End PBXGroup section */

/* Begin PBXNativeTarget section */
		79FA5EB81F7A156500DB3038 /* aniList */ = {
			isa = PBXNativeTarget;
			buildConfigurationList = 79FA5EE41F7A156500DB3038 /* Build configuration list for PBXNativeTarget "aniList" */;
			buildPhases = (
				79FA5EB51F7A156500DB3038 /* Sources */,
				79FA5EB61F7A156500DB3038 /* Frameworks */,
				79FA5EB71F7A156500DB3038 /* Resources */,
			);
			buildRules = (
			);
			dependencies = (
			);
			name = aniList;
			productName = aniList;
			productReference = 79FA5EB91F7A156500DB3038 /* aniList.app */;
			productType = "com.apple.product-type.application";
		};
		79FA5ECF1F7A156500DB3038 /* aniListTests */ = {
			isa = PBXNativeTarget;
			buildConfigurationList = 79FA5EE71F7A156500DB3038 /* Build configuration list for PBXNativeTarget "aniListTests" */;
			buildPhases = (
				79FA5ECC1F7A156500DB3038 /* Sources */,
				79FA5ECD1F7A156500DB3038 /* Frameworks */,
				79FA5ECE1F7A156500DB3038 /* Resources */,
			);
			buildRules = (
			);
			dependencies = (
				79FA5ED21F7A156500DB3038 /* PBXTargetDependency */,
			);
			name = aniListTests;
			productName = aniListTests;
			productReference = 79FA5ED01F7A156500DB3038 /* aniListTests.xctest */;
			productType = "com.apple.product-type.bundle.unit-test";
		};
		79FA5EDA1F7A156500DB3038 /* aniListUITests */ = {
			isa = PBXNativeTarget;
			buildConfigurationList = 79FA5EEA1F7A156500DB3038 /* Build configuration list for PBXNativeTarget "aniListUITests" */;
			buildPhases = (
				79FA5ED71F7A156500DB3038 /* Sources */,
				79FA5ED81F7A156500DB3038 /* Frameworks */,
				79FA5ED91F7A156500DB3038 /* Resources */,
			);
			buildRules = (
			);
			dependencies = (
				79FA5EDD1F7A156500DB3038 /* PBXTargetDependency */,
			);
			name = aniListUITests;
			productName = aniListUITests;
			productReference = 79FA5EDB1F7A156500DB3038 /* aniListUITests.xctest */;
			productType = "com.apple.product-type.bundle.ui-testing";
		};
/* End PBXNativeTarget section */

/* Begin PBXProject section */
		79FA5EB11F7A156500DB3038 /* Project object */ = {
			isa = PBXProject;
			attributes = {
				LastSwiftUpdateCheck = 0900;
				LastUpgradeCheck = 0900;
				ORGANIZATIONNAME = "Adrim apps";
				TargetAttributes = {
					79FA5EB81F7A156500DB3038 = {
						CreatedOnToolsVersion = 9.0;
						ProvisioningStyle = Automatic;
					};
					79FA5ECF1F7A156500DB3038 = {
						CreatedOnToolsVersion = 9.0;
						ProvisioningStyle = Automatic;
						TestTargetID = 79FA5EB81F7A156500DB3038;
					};
					79FA5EDA1F7A156500DB3038 = {
						CreatedOnToolsVersion = 9.0;
						ProvisioningStyle = Automatic;
						TestTargetID = 79FA5EB81F7A156500DB3038;
					};
				};
			};
			buildConfigurationList = 79FA5EB41F7A156500DB3038 /* Build configuration list for PBXProject "aniList" */;
			compatibilityVersion = "Xcode 8.0";
			developmentRegion = en;
			hasScannedForEncodings = 0;
			knownRegions = (
				en,
				Base,
			);
			mainGroup = 79FA5EB01F7A156500DB3038;
			productRefGroup = 79FA5EBA1F7A156500DB3038 /* Products */;
			projectDirPath = "";
			projectRoot = "";
			targets = (
				79FA5EB81F7A156500DB3038 /* aniList */,
				79FA5ECF1F7A156500DB3038 /* aniListTests */,
				79FA5EDA1F7A156500DB3038 /* aniListUITests */,
			);
		};
/* End PBXProject section */

/* Begin PBXResourcesBuildPhase section */
		79FA5EB71F7A156500DB3038 /* Resources */ = {
			isa = PBXResourcesBuildPhase;
			buildActionMask = 2147483647;
			files = (
				79FA5ECA1F7A156500DB3038 /* LaunchScreen.storyboard in Resources */,
				79FA5EC71F7A156500DB3038 /* Assets.xcassets in Resources */,
				79FA5EC21F7A156500DB3038 /* Main.storyboard in Resources */,
			);
			runOnlyForDeploymentPostprocessing = 0;
		};
		79FA5ECE1F7A156500DB3038 /* Resources */ = {
			isa = PBXResourcesBuildPhase;
			buildActionMask = 2147483647;
			files = (
			);
			runOnlyForDeploymentPostprocessing = 0;
		};
		79FA5ED91F7A156500DB3038 /* Resources */ = {
			isa = PBXResourcesBuildPhase;
			buildActionMask = 2147483647;
			files = (
			);
			runOnlyForDeploymentPostprocessing = 0;
		};
/* End PBXResourcesBuildPhase section */

/* Begin PBXSourcesBuildPhase section */
		79FA5EB51F7A156500DB3038 /* Sources */ = {
			isa = PBXSourcesBuildPhase;
			buildActionMask = 2147483647;
			files = (
				79FA5EC51F7A156500DB3038 /* aniList.xcdatamodeld in Sources */,
				79FA5EBF1F7A156500DB3038 /* ViewController.swift in Sources */,
				79FA5EBD1F7A156500DB3038 /* AppDelegate.swift in Sources */,
			);
			runOnlyForDeploymentPostprocessing = 0;
		};
		79FA5ECC1F7A156500DB3038 /* Sources */ = {
			isa = PBXSourcesBuildPhase;
			buildActionMask = 2147483647;
			files = (
				79FA5ED51F7A156500DB3038 /* aniListTests.swift in Sources */,
			);
			runOnlyForDeploymentPostprocessing = 0;
		};
		79FA5ED71F7A156500DB3038 /* Sources */ = {
			isa = PBXSourcesBuildPhase;
			buildActionMask = 2147483647;
			files = (
				79FA5EE01F7A156500DB3038 /* aniListUITests.swift in Sources */,
			);
			runOnlyForDeploymentPostprocessing = 0;
		};
/* End PBXSourcesBuildPhase section */

/* Begin PBXTargetDependency section */
		79FA5ED21F7A156500DB3038 /* PBXTargetDependency */ = {
			isa = PBXTargetDependency;
			target = 79FA5EB81F7A156500DB3038 /* aniList */;
			targetProxy = 79FA5ED11F7A156500DB3038 /* PBXContainerItemProxy */;
		};
		79FA5EDD1F7A156500DB3038 /* PBXTargetDependency */ = {
			isa = PBXTargetDependency;
			target = 79FA5EB81F7A156500DB3038 /* aniList */;
			targetProxy = 79FA5EDC1F7A156500DB3038 /* PBXContainerItemProxy */;
		};
/* End PBXTargetDependency section */

/* Begin PBXVariantGroup section */
		79FA5EC01F7A156500DB3038 /* Main.storyboard */ = {
			isa = PBXVariantGroup;
			children = (
				79FA5EC11F7A156500DB3038 /* Base */,
			);
			name = Main.storyboard;
			sourceTree = "<group>";
		};
		79FA5EC81F7A156500DB3038 /* LaunchScreen.storyboard */ = {
			isa = PBXVariantGroup;
			children = (
				79FA5EC91F7A156500DB3038 /* Base */,
			);
			name = LaunchScreen.storyboard;
			sourceTree = "<group>";
		};
/* End PBXVariantGroup section */

/* Begin XCBuildConfiguration section */
		79FA5EE21F7A156500DB3038 /* Debug */ = {
			isa = XCBuildConfiguration;
			buildSettings = {
				ALWAYS_SEARCH_USER_PATHS = NO;
				CLANG_ANALYZER_NONNULL = YES;
				CLANG_ANALYZER_NUMBER_OBJECT_CONVERSION = YES_AGGRESSIVE;
				CLANG_CXX_LANGUAGE_STANDARD = "gnu++14";
				CLANG_CXX_LIBRARY = "libc++";
				CLANG_ENABLE_MODULES = YES;
				CLANG_ENABLE_OBJC_ARC = YES;
				CLANG_WARN_BLOCK_CAPTURE_AUTORELEASING = YES;
				CLANG_WARN_BOOL_CONVERSION = YES;
				CLANG_WARN_COMMA = YES;
				CLANG_WARN_CONSTANT_CONVERSION = YES;
				CLANG_WARN_DIRECT_OBJC_ISA_USAGE = YES_ERROR;
				CLANG_WARN_DOCUMENTATION_COMMENTS = YES;
				CLANG_WARN_EMPTY_BODY = YES;
				CLANG_WARN_ENUM_CONVERSION = YES;
				CLANG_WARN_INFINITE_RECURSION = YES;
				CLANG_WARN_INT_CONVERSION = YES;
				CLANG_WARN_NON_LITERAL_NULL_CONVERSION = YES;
				CLANG_WARN_OBJC_LITERAL_CONVERSION = YES;
				CLANG_WARN_OBJC_ROOT_CLASS = YES_ERROR;
				CLANG_WARN_RANGE_LOOP_ANALYSIS = YES;
				CLANG_WARN_STRICT_PROTOTYPES = YES;
				CLANG_WARN_SUSPICIOUS_MOVE = YES;
				CLANG_WARN_UNGUARDED_AVAILABILITY = YES_AGGRESSIVE;
				CLANG_WARN_UNREACHABLE_CODE = YES;
				CLANG_WARN__DUPLICATE_METHOD_MATCH = YES;
				CODE_SIGN_IDENTITY = "iPhone Developer";
				COPY_PHASE_STRIP = NO;
				DEBUG_INFORMATION_FORMAT = dwarf;
				ENABLE_STRICT_OBJC_MSGSEND = YES;
				ENABLE_TESTABILITY = YES;
				GCC_C_LANGUAGE_STANDARD = gnu11;
				GCC_DYNAMIC_NO_PIC = NO;
				GCC_NO_COMMON_BLOCKS = YES;
				GCC_OPTIMIZATION_LEVEL = 0;
				GCC_PREPROCESSOR_DEFINITIONS = (
					"DEBUG=1",
					"$(inherited)",
				);
				GCC_WARN_64_TO_32_BIT_CONVERSION = YES;
				GCC_WARN_ABOUT_RETURN_TYPE = YES_ERROR;
				GCC_WARN_UNDECLARED_SELECTOR = YES;
				GCC_WARN_UNINITIALIZED_AUTOS = YES_AGGRESSIVE;
				GCC_WARN_UNUSED_FUNCTION = YES;
				GCC_WARN_UNUSED_VARIABLE = YES;
				IPHONEOS_DEPLOYMENT_TARGET = 11.0;
				MTL_ENABLE_DEBUG_INFO = YES;
				ONLY_ACTIVE_ARCH = YES;
				SDKROOT = iphoneos;
				SWIFT_ACTIVE_COMPILATION_CONDITIONS = DEBUG;
				SWIFT_OPTIMIZATION_LEVEL = "-Onone";
			};
			name = Debug;
		};
		79FA5EE31F7A156500DB3038 /* Release */ = {
			isa = XCBuildConfiguration;
			buildSettings = {
				ALWAYS_SEARCH_USER_PATHS = NO;
				CLANG_ANALYZER_NONNULL = YES;
				CLANG_ANALYZER_NUMBER_OBJECT_CONVERSION = YES_AGGRESSIVE;
				CLANG_CXX_LANGUAGE_STANDARD = "gnu++14";
				CLANG_CXX_LIBRARY = "libc++";
				CLANG_ENABLE_MODULES = YES;
				CLANG_ENABLE_OBJC_ARC = YES;
				CLANG_WARN_BLOCK_CAPTURE_AUTORELEASING = YES;
				CLANG_WARN_BOOL_CONVERSION = YES;
				CLANG_WARN_COMMA = YES;
				CLANG_WARN_CONSTANT_CONVERSION = YES;
				CLANG_WARN_DIRECT_OBJC_ISA_USAGE = YES_ERROR;
				CLANG_WARN_DOCUMENTATION_COMMENTS = YES;
				CLANG_WARN_EMPTY_BODY = YES;
				CLANG_WARN_ENUM_CONVERSION = YES;
				CLANG_WARN_INFINITE_RECURSION = YES;
				CLANG_WARN_INT_CONVERSION = YES;
				CLANG_WARN_NON_LITERAL_NULL_CONVERSION = YES;
				CLANG_WARN_OBJC_LITERAL_CONVERSION = YES;
				CLANG_WARN_OBJC_ROOT_CLASS = YES_ERROR;
				CLANG_WARN_RANGE_LOOP_ANALYSIS = YES;
				CLANG_WARN_STRICT_PROTOTYPES = YES;
				CLANG_WARN_SUSPICIOUS_MOVE = YES;
				CLANG_WARN_UNGUARDED_AVAILABILITY = YES_AGGRESSIVE;
				CLANG_WARN_UNREACHABLE_CODE = YES;
				CLANG_WARN__DUPLICATE_METHOD_MATCH = YES;
				CODE_SIGN_IDENTITY = "iPhone Developer";
				COPY_PHASE_STRIP = NO;
				DEBUG_INFORMATION_FORMAT = "dwarf-with-dsym";
				ENABLE_NS_ASSERTIONS = NO;
				ENABLE_STRICT_OBJC_MSGSEND = YES;
				GCC_C_LANGUAGE_STANDARD = gnu11;
				GCC_NO_COMMON_BLOCKS = YES;
				GCC_WARN_64_TO_32_BIT_CONVERSION = YES;
				GCC_WARN_ABOUT_RETURN_TYPE = YES_ERROR;
				GCC_WARN_UNDECLARED_SELECTOR = YES;
				GCC_WARN_UNINITIALIZED_AUTOS = YES_AGGRESSIVE;
				GCC_WARN_UNUSED_FUNCTION = YES;
				GCC_WARN_UNUSED_VARIABLE = YES;
				IPHONEOS_DEPLOYMENT_TARGET = 11.0;
				MTL_ENABLE_DEBUG_INFO = NO;
				SDKROOT = iphoneos;
				SWIFT_OPTIMIZATION_LEVEL = "-Owholemodule";
				VALIDATE_PRODUCT = YES;
			};
			name = Release;
		};
		79FA5EE51F7A156500DB3038 /* Debug */ = {
			isa = XCBuildConfiguration;
			buildSettings = {
				ASSETCATALOG_COMPILER_APPICON_NAME = AppIcon;
				CODE_SIGN_STYLE = Automatic;
				DEVELOPMENT_TEAM = 92YH78V8H8;
				INFOPLIST_FILE = aniList/Info.plist;
				LD_RUNPATH_SEARCH_PATHS = "$(inherited) @executable_path/Frameworks";
				PRODUCT_BUNDLE_IDENTIFIER = com.labAdrim.aniList;
				PRODUCT_NAME = "$(TARGET_NAME)";
				SWIFT_VERSION = 4.0;
				TARGETED_DEVICE_FAMILY = "1,2";
			};
			name = Debug;
		};
		79FA5EE61F7A156500DB3038 /* Release */ = {
			isa = XCBuildConfiguration;
			buildSettings = {
				ASSETCATALOG_COMPILER_APPICON_NAME = AppIcon;
				CODE_SIGN_STYLE = Automatic;
				DEVELOPMENT_TEAM = 92YH78V8H8;
				INFOPLIST_FILE = aniList/Info.plist;
				LD_RUNPATH_SEARCH_PATHS = "$(inherited) @executable_path/Frameworks";
				PRODUCT_BUNDLE_IDENTIFIER = com.labAdrim.aniList;
				PRODUCT_NAME = "$(TARGET_NAME)";
				SWIFT_VERSION = 4.0;
				TARGETED_DEVICE_FAMILY = "1,2";
			};
			name = Release;
		};
		79FA5EE81F7A156500DB3038 /* Debug */ = {
			isa = XCBuildConfiguration;
			buildSettings = {
				ALWAYS_EMBED_SWIFT_STANDARD_LIBRARIES = YES;
				BUNDLE_LOADER = "$(TEST_HOST)";
				CODE_SIGN_STYLE = Automatic;
				DEVELOPMENT_TEAM = 92YH78V8H8;
				INFOPLIST_FILE = aniListTests/Info.plist;
				LD_RUNPATH_SEARCH_PATHS = "$(inherited) @executable_path/Frameworks @loader_path/Frameworks";
				PRODUCT_BUNDLE_IDENTIFIER = com.labAdrim.aniListTests;
				PRODUCT_NAME = "$(TARGET_NAME)";
				SWIFT_VERSION = 4.0;
				TARGETED_DEVICE_FAMILY = "1,2";
				TEST_HOST = "$(BUILT_PRODUCTS_DIR)/aniList.app/aniList";
			};
			name = Debug;
		};
		79FA5EE91F7A156500DB3038 /* Release */ = {
			isa = XCBuildConfiguration;
			buildSettings = {
				ALWAYS_EMBED_SWIFT_STANDARD_LIBRARIES = YES;
				BUNDLE_LOADER = "$(TEST_HOST)";
				CODE_SIGN_STYLE = Automatic;
				DEVELOPMENT_TEAM = 92YH78V8H8;
				INFOPLIST_FILE = aniListTests/Info.plist;
				LD_RUNPATH_SEARCH_PATHS = "$(inherited) @executable_path/Frameworks @loader_path/Frameworks";
				PRODUCT_BUNDLE_IDENTIFIER = com.labAdrim.aniListTests;
				PRODUCT_NAME = "$(TARGET_NAME)";
				SWIFT_VERSION = 4.0;
				TARGETED_DEVICE_FAMILY = "1,2";
				TEST_HOST = "$(BUILT_PRODUCTS_DIR)/aniList.app/aniList";
			};
			name = Release;
		};
		79FA5EEB1F7A156500DB3038 /* Debug */ = {
			isa = XCBuildConfiguration;
			buildSettings = {
				ALWAYS_EMBED_SWIFT_STANDARD_LIBRARIES = YES;
				CODE_SIGN_STYLE = Automatic;
				DEVELOPMENT_TEAM = 92YH78V8H8;
				INFOPLIST_FILE = aniListUITests/Info.plist;
				LD_RUNPATH_SEARCH_PATHS = "$(inherited) @executable_path/Frameworks @loader_path/Frameworks";
				PRODUCT_BUNDLE_IDENTIFIER = com.labAdrim.aniListUITests;
				PRODUCT_NAME = "$(TARGET_NAME)";
				SWIFT_VERSION = 4.0;
				TARGETED_DEVICE_FAMILY = "1,2";
				TEST_TARGET_NAME = aniList;
			};
			name = Debug;
		};
		79FA5EEC1F7A156500DB3038 /* Release */ = {
			isa = XCBuildConfiguration;
			buildSettings = {
				ALWAYS_EMBED_SWIFT_STANDARD_LIBRARIES = YES;
				CODE_SIGN_STYLE = Automatic;
				DEVELOPMENT_TEAM = 92YH78V8H8;
				INFOPLIST_FILE = aniListUITests/Info.plist;
				LD_RUNPATH_SEARCH_PATHS = "$(inherited) @executable_path/Frameworks @loader_path/Frameworks";
				PRODUCT_BUNDLE_IDENTIFIER = com.labAdrim.aniListUITests;
				PRODUCT_NAME = "$(TARGET_NAME)";
				SWIFT_VERSION = 4.0;
				TARGETED_DEVICE_FAMILY = "1,2";
				TEST_TARGET_NAME = aniList;
			};
			name = Release;
		};
/* End XCBuildConfiguration section */

/* Begin XCConfigurationList section */
		79FA5EB41F7A156500DB3038 /* Build configuration list for PBXProject "aniList" */ = {
			isa = XCConfigurationList;
			buildConfigurations = (
				79FA5EE21F7A156500DB3038 /* Debug */,
				79FA5EE31F7A156500DB3038 /* Release */,
			);
			defaultConfigurationIsVisible = 0;
			defaultConfigurationName = Release;
		};
		79FA5EE41F7A156500DB3038 /* Build configuration list for PBXNativeTarget "aniList" */ = {
			isa = XCConfigurationList;
			buildConfigurations = (
				79FA5EE51F7A156500DB3038 /* Debug */,
				79FA5EE61F7A156500DB3038 /* Release */,
			);
			defaultConfigurationIsVisible = 0;
			defaultConfigurationName = Release;
		};
		79FA5EE71F7A156500DB3038 /* Build configuration list for PBXNativeTarget "aniListTests" */ = {
			isa = XCConfigurationList;
			buildConfigurations = (
				79FA5EE81F7A156500DB3038 /* Debug */,
				79FA5EE91F7A156500DB3038 /* Release */,
			);
			defaultConfigurationIsVisible = 0;
			defaultConfigurationName = Release;
		};
		79FA5EEA1F7A156500DB3038 /* Build configuration list for PBXNativeTarget "aniListUITests" */ = {
			isa = XCConfigurationList;
			buildConfigurations = (
				79FA5EEB1F7A156500DB3038 /* Debug */,
				79FA5EEC1F7A156500DB3038 /* Release */,
			);
			defaultConfigurationIsVisible = 0;
			defaultConfigurationName = Release;
		};
/* End XCConfigurationList section */

/* Begin XCVersionGroup section */
		79FA5EC31F7A156500DB3038 /* aniList.xcdatamodeld */ = {
			isa = XCVersionGroup;
			children = (
				79FA5EC41F7A156500DB3038 /* aniList.xcdatamodel */,
			);
			currentVersion = 79FA5EC41F7A156500DB3038 /* aniList.xcdatamodel */;
			path = aniList.xcdatamodeld;
			sourceTree = "<group>";
			versionGroupType = wrapper.xcdatamodel;
		};
/* End XCVersionGroup section */
	};
	rootObject = 79FA5EB11F7A156500DB3038 /* Project object */;
}
